// !$*UTF8*$!
{
	archiveVersion = 1;
	classes = {
	};
	objectVersion = 77;
	objects = {

/* Begin PBXContainerItemProxy section */
		02C4EE122CC2AE610007E840 /* PBXContainerItemProxy */ = {
			isa = PBXContainerItemProxy;
			containerPortal = 02C4EDF92CC2AE5F0007E840 /* Project object */;
			proxyType = 1;
			remoteGlobalIDString = 02C4EE002CC2AE5F0007E840;
			remoteInfo = cityquest;
		};
		02C4EE1C2CC2AE610007E840 /* PBXContainerItemProxy */ = {
			isa = PBXContainerItemProxy;
			containerPortal = 02C4EDF92CC2AE5F0007E840 /* Project object */;
			proxyType = 1;
			remoteGlobalIDString = 02C4EE002CC2AE5F0007E840;
			remoteInfo = cityquest;
		};
/* End PBXContainerItemProxy section */

/* Begin PBXFileReference section */
		02C4EE012CC2AE5F0007E840 /* cityquest.app */ = {isa = PBXFileReference; explicitFileType = wrapper.application; includeInIndex = 0; path = cityquest.app; sourceTree = BUILT_PRODUCTS_DIR; };
		02C4EE112CC2AE610007E840 /* cityquestTests.xctest */ = {isa = PBXFileReference; explicitFileType = wrapper.cfbundle; includeInIndex = 0; path = cityquestTests.xctest; sourceTree = BUILT_PRODUCTS_DIR; };
		02C4EE1B2CC2AE610007E840 /* cityquestUITests.xctest */ = {isa = PBXFileReference; explicitFileType = wrapper.cfbundle; includeInIndex = 0; path = cityquestUITests.xctest; sourceTree = BUILT_PRODUCTS_DIR; };
/* End PBXFileReference section */

/* Begin PBXFileSystemSynchronizedRootGroup section */
		02C4EE032CC2AE5F0007E840 /* cityquest */ = {
			isa = PBXFileSystemSynchronizedRootGroup;
			path = cityquest;
			sourceTree = "<group>";
		};
		02C4EE142CC2AE610007E840 /* cityquestTests */ = {
			isa = PBXFileSystemSynchronizedRootGroup;
			path = cityquestTests;
			sourceTree = "<group>";
		};
		02C4EE1E2CC2AE610007E840 /* cityquestUITests */ = {
			isa = PBXFileSystemSynchronizedRootGroup;
			path = cityquestUITests;
			sourceTree = "<group>";
		};
/* End PBXFileSystemSynchronizedRootGroup section */

/* Begin PBXFrameworksBuildPhase section */
		02C4EDFE2CC2AE5F0007E840 /* Frameworks */ = {
			isa = PBXFrameworksBuildPhase;
			buildActionMask = 2147483647;
			files = (
			);
			runOnlyForDeploymentPostprocessing = 0;
		};
		02C4EE0E2CC2AE610007E840 /* Frameworks */ = {
			isa = PBXFrameworksBuildPhase;
			buildActionMask = 2147483647;
			files = (
			);
			runOnlyForDeploymentPostprocessing = 0;
		};
		02C4EE182CC2AE610007E840 /* Frameworks */ = {
			isa = PBXFrameworksBuildPhase;
			buildActionMask = 2147483647;
			files = (
			);
			runOnlyForDeploymentPostprocessing = 0;
		};
/* End PBXFrameworksBuildPhase section */

/* Begin PBXGroup section */
		02C4EDF82CC2AE5F0007E840 = {
			isa = PBXGroup;
			children = (
				02C4EE032CC2AE5F0007E840 /* cityquest */,
				02C4EE142CC2AE610007E840 /* cityquestTests */,
				02C4EE1E2CC2AE610007E840 /* cityquestUITests */,
				02C4EE022CC2AE5F0007E840 /* Products */,
			);
			sourceTree = "<group>";
		};
		02C4EE022CC2AE5F0007E840 /* Products */ = {
			isa = PBXGroup;
			children = (
				02C4EE012CC2AE5F0007E840 /* cityquest.app */,
				02C4EE112CC2AE610007E840 /* cityquestTests.xctest */,
				02C4EE1B2CC2AE610007E840 /* cityquestUITests.xctest */,
			);
			name = Products;
			sourceTree = "<group>";
		};
/* End PBXGroup section */

/* Begin PBXNativeTarget section */
		02C4EE002CC2AE5F0007E840 /* cityquest */ = {
			isa = PBXNativeTarget;
			buildConfigurationList = 02C4EE252CC2AE610007E840 /* Build configuration list for PBXNativeTarget "cityquest" */;
			buildPhases = (
				02C4EDFD2CC2AE5F0007E840 /* Sources */,
				02C4EDFE2CC2AE5F0007E840 /* Frameworks */,
				02C4EDFF2CC2AE5F0007E840 /* Resources */,
			);
			buildRules = (
			);
			dependencies = (
			);
			fileSystemSynchronizedGroups = (
				02C4EE032CC2AE5F0007E840 /* cityquest */,
			);
			name = cityquest;
			packageProductDependencies = (
			);
			productName = cityquest;
			productReference = 02C4EE012CC2AE5F0007E840 /* cityquest.app */;
			productType = "com.apple.product-type.application";
		};
		02C4EE102CC2AE610007E840 /* cityquestTests */ = {
			isa = PBXNativeTarget;
			buildConfigurationList = 02C4EE282CC2AE610007E840 /* Build configuration list for PBXNativeTarget "cityquestTests" */;
			buildPhases = (
				02C4EE0D2CC2AE610007E840 /* Sources */,
				02C4EE0E2CC2AE610007E840 /* Frameworks */,
				02C4EE0F2CC2AE610007E840 /* Resources */,
			);
			buildRules = (
			);
			dependencies = (
				02C4EE132CC2AE610007E840 /* PBXTargetDependency */,
			);
			fileSystemSynchronizedGroups = (
				02C4EE142CC2AE610007E840 /* cityquestTests */,
			);
			name = cityquestTests;
			packageProductDependencies = (
			);
			productName = cityquestTests;
			productReference = 02C4EE112CC2AE610007E840 /* cityquestTests.xctest */;
			productType = "com.apple.product-type.bundle.unit-test";
		};
		02C4EE1A2CC2AE610007E840 /* cityquestUITests */ = {
			isa = PBXNativeTarget;
			buildConfigurationList = 02C4EE2B2CC2AE610007E840 /* Build configuration list for PBXNativeTarget "cityquestUITests" */;
			buildPhases = (
				02C4EE172CC2AE610007E840 /* Sources */,
				02C4EE182CC2AE610007E840 /* Frameworks */,
				02C4EE192CC2AE610007E840 /* Resources */,
			);
			buildRules = (
			);
			dependencies = (
				02C4EE1D2CC2AE610007E840 /* PBXTargetDependency */,
			);
			fileSystemSynchronizedGroups = (
				02C4EE1E2CC2AE610007E840 /* cityquestUITests */,
			);
			name = cityquestUITests;
			packageProductDependencies = (
			);
			productName = cityquestUITests;
			productReference = 02C4EE1B2CC2AE610007E840 /* cityquestUITests.xctest */;
			productType = "com.apple.product-type.bundle.ui-testing";
		};
/* End PBXNativeTarget section */

/* Begin PBXProject section */
		02C4EDF92CC2AE5F0007E840 /* Project object */ = {
			isa = PBXProject;
			attributes = {
				BuildIndependentTargetsInParallel = 1;
				LastSwiftUpdateCheck = 1600;
				LastUpgradeCheck = 1600;
				TargetAttributes = {
					02C4EE002CC2AE5F0007E840 = {
						CreatedOnToolsVersion = 16.0;
					};
					02C4EE102CC2AE610007E840 = {
						CreatedOnToolsVersion = 16.0;
						TestTargetID = 02C4EE002CC2AE5F0007E840;
					};
					02C4EE1A2CC2AE610007E840 = {
						CreatedOnToolsVersion = 16.0;
						TestTargetID = 02C4EE002CC2AE5F0007E840;
					};
				};
			};
			buildConfigurationList = 02C4EDFC2CC2AE5F0007E840 /* Build configuration list for PBXProject "cityquest" */;
			developmentRegion = en;
			hasScannedForEncodings = 0;
			knownRegions = (
				en,
				Base,
			);
			mainGroup = 02C4EDF82CC2AE5F0007E840;
			minimizedProjectReferenceProxies = 1;
			preferredProjectObjectVersion = 77;
			productRefGroup = 02C4EE022CC2AE5F0007E840 /* Products */;
			projectDirPath = "";
			projectRoot = "";
			targets = (
				02C4EE002CC2AE5F0007E840 /* cityquest */,
				02C4EE102CC2AE610007E840 /* cityquestTests */,
				02C4EE1A2CC2AE610007E840 /* cityquestUITests */,
			);
		};
/* End PBXProject section */

/* Begin PBXResourcesBuildPhase section */
		02C4EDFF2CC2AE5F0007E840 /* Resources */ = {
			isa = PBXResourcesBuildPhase;
			buildActionMask = 2147483647;
			files = (
			);
			runOnlyForDeploymentPostprocessing = 0;
		};
		02C4EE0F2CC2AE610007E840 /* Resources */ = {
			isa = PBXResourcesBuildPhase;
			buildActionMask = 2147483647;
			files = (
			);
			runOnlyForDeploymentPostprocessing = 0;
		};
		02C4EE192CC2AE610007E840 /* Resources */ = {
			isa = PBXResourcesBuildPhase;
			buildActionMask = 2147483647;
			files = (
			);
			runOnlyForDeploymentPostprocessing = 0;
		};
/* End PBXResourcesBuildPhase section */

/* Begin PBXSourcesBuildPhase section */
		02C4EDFD2CC2AE5F0007E840 /* Sources */ = {
			isa = PBXSourcesBuildPhase;
			buildActionMask = 2147483647;
			files = (
			);
			runOnlyForDeploymentPostprocessing = 0;
		};
		02C4EE0D2CC2AE610007E840 /* Sources */ = {
			isa = PBXSourcesBuildPhase;
			buildActionMask = 2147483647;
			files = (
			);
			runOnlyForDeploymentPostprocessing = 0;
		};
		02C4EE172CC2AE610007E840 /* Sources */ = {
			isa = PBXSourcesBuildPhase;
			buildActionMask = 2147483647;
			files = (
			);
			runOnlyForDeploymentPostprocessing = 0;
		};
/* End PBXSourcesBuildPhase section */

/* Begin PBXTargetDependency section */
		02C4EE132CC2AE610007E840 /* PBXTargetDependency */ = {
			isa = PBXTargetDependency;
			target = 02C4EE002CC2AE5F0007E840 /* cityquest */;
			targetProxy = 02C4EE122CC2AE610007E840 /* PBXContainerItemProxy */;
		};
		02C4EE1D2CC2AE610007E840 /* PBXTargetDependency */ = {
			isa = PBXTargetDependency;
			target = 02C4EE002CC2AE5F0007E840 /* cityquest */;
			targetProxy = 02C4EE1C2CC2AE610007E840 /* PBXContainerItemProxy */;
		};
/* End PBXTargetDependency section */

/* Begin XCBuildConfiguration section */
		02C4EE232CC2AE610007E840 /* Debug */ = {
			isa = XCBuildConfiguration;
			buildSettings = {
				ALWAYS_SEARCH_USER_PATHS = NO;
				ASSETCATALOG_COMPILER_GENERATE_SWIFT_ASSET_SYMBOL_EXTENSIONS = YES;
				CLANG_ANALYZER_NONNULL = YES;
				CLANG_ANALYZER_NUMBER_OBJECT_CONVERSION = YES_AGGRESSIVE;
				CLANG_CXX_LANGUAGE_STANDARD = "gnu++20";
				CLANG_ENABLE_MODULES = YES;
				CLANG_ENABLE_OBJC_ARC = YES;
				CLANG_ENABLE_OBJC_WEAK = YES;
				CLANG_WARN_BLOCK_CAPTURE_AUTORELEASING = YES;
				CLANG_WARN_BOOL_CONVERSION = YES;
				CLANG_WARN_COMMA = YES;
				CLANG_WARN_CONSTANT_CONVERSION = YES;
				CLANG_WARN_DEPRECATED_OBJC_IMPLEMENTATIONS = YES;
				CLANG_WARN_DIRECT_OBJC_ISA_USAGE = YES_ERROR;
				CLANG_WARN_DOCUMENTATION_COMMENTS = YES;
				CLANG_WARN_EMPTY_BODY = YES;
				CLANG_WARN_ENUM_CONVERSION = YES;
				CLANG_WARN_INFINITE_RECURSION = YES;
				CLANG_WARN_INT_CONVERSION = YES;
				CLANG_WARN_NON_LITERAL_NULL_CONVERSION = YES;
				CLANG_WARN_OBJC_IMPLICIT_RETAIN_SELF = YES;
				CLANG_WARN_OBJC_LITERAL_CONVERSION = YES;
				CLANG_WARN_OBJC_ROOT_CLASS = YES_ERROR;
				CLANG_WARN_QUOTED_INCLUDE_IN_FRAMEWORK_HEADER = YES;
				CLANG_WARN_RANGE_LOOP_ANALYSIS = YES;
				CLANG_WARN_STRICT_PROTOTYPES = YES;
				CLANG_WARN_SUSPICIOUS_MOVE = YES;
				CLANG_WARN_UNGUARDED_AVAILABILITY = YES_AGGRESSIVE;
				CLANG_WARN_UNREACHABLE_CODE = YES;
				CLANG_WARN__DUPLICATE_METHOD_MATCH = YES;
				COPY_PHASE_STRIP = NO;
				DEBUG_INFORMATION_FORMAT = dwarf;
				ENABLE_STRICT_OBJC_MSGSEND = YES;
				ENABLE_TESTABILITY = YES;
				ENABLE_USER_SCRIPT_SANDBOXING = YES;
				GCC_C_LANGUAGE_STANDARD = gnu17;
				GCC_DYNAMIC_NO_PIC = NO;
				GCC_NO_COMMON_BLOCKS = YES;
				GCC_OPTIMIZATION_LEVEL = 0;
				GCC_PREPROCESSOR_DEFINITIONS = (
					"DEBUG=1",
					"$(inherited)",
				);
				GCC_WARN_64_TO_32_BIT_CONVERSION = YES;
				GCC_WARN_ABOUT_RETURN_TYPE = YES_ERROR;
				GCC_WARN_UNDECLARED_SELECTOR = YES;
				GCC_WARN_UNINITIALIZED_AUTOS = YES_AGGRESSIVE;
				GCC_WARN_UNUSED_FUNCTION = YES;
				GCC_WARN_UNUSED_VARIABLE = YES;
				IPHONEOS_DEPLOYMENT_TARGET = 18.0;
				LOCALIZATION_PREFERS_STRING_CATALOGS = YES;
				MTL_ENABLE_DEBUG_INFO = INCLUDE_SOURCE;
				MTL_FAST_MATH = YES;
				ONLY_ACTIVE_ARCH = YES;
				SDKROOT = iphoneos;
				SWIFT_ACTIVE_COMPILATION_CONDITIONS = "DEBUG $(inherited)";
				SWIFT_OPTIMIZATION_LEVEL = "-Onone";
			};
			name = Debug;
		};
		02C4EE242CC2AE610007E840 /* Release */ = {
			isa = XCBuildConfiguration;
			buildSettings = {
				ALWAYS_SEARCH_USER_PATHS = NO;
				ASSETCATALOG_COMPILER_GENERATE_SWIFT_ASSET_SYMBOL_EXTENSIONS = YES;
				CLANG_ANALYZER_NONNULL = YES;
				CLANG_ANALYZER_NUMBER_OBJECT_CONVERSION = YES_AGGRESSIVE;
				CLANG_CXX_LANGUAGE_STANDARD = "gnu++20";
				CLANG_ENABLE_MODULES = YES;
				CLANG_ENABLE_OBJC_ARC = YES;
				CLANG_ENABLE_OBJC_WEAK = YES;
				CLANG_WARN_BLOCK_CAPTURE_AUTORELEASING = YES;
				CLANG_WARN_BOOL_CONVERSION = YES;
				CLANG_WARN_COMMA = YES;
				CLANG_WARN_CONSTANT_CONVERSION = YES;
				CLANG_WARN_DEPRECATED_OBJC_IMPLEMENTATIONS = YES;
				CLANG_WARN_DIRECT_OBJC_ISA_USAGE = YES_ERROR;
				CLANG_WARN_DOCUMENTATION_COMMENTS = YES;
				CLANG_WARN_EMPTY_BODY = YES;
				CLANG_WARN_ENUM_CONVERSION = YES;
				CLANG_WARN_INFINITE_RECURSION = YES;
				CLANG_WARN_INT_CONVERSION = YES;
				CLANG_WARN_NON_LITERAL_NULL_CONVERSION = YES;
				CLANG_WARN_OBJC_IMPLICIT_RETAIN_SELF = YES;
				CLANG_WARN_OBJC_LITERAL_CONVERSION = YES;
				CLANG_WARN_OBJC_ROOT_CLASS = YES_ERROR;
				CLANG_WARN_QUOTED_INCLUDE_IN_FRAMEWORK_HEADER = YES;
				CLANG_WARN_RANGE_LOOP_ANALYSIS = YES;
				CLANG_WARN_STRICT_PROTOTYPES = YES;
				CLANG_WARN_SUSPICIOUS_MOVE = YES;
				CLANG_WARN_UNGUARDED_AVAILABILITY = YES_AGGRESSIVE;
				CLANG_WARN_UNREACHABLE_CODE = YES;
				CLANG_WARN__DUPLICATE_METHOD_MATCH = YES;
				COPY_PHASE_STRIP = NO;
				DEBUG_INFORMATION_FORMAT = "dwarf-with-dsym";
				ENABLE_NS_ASSERTIONS = NO;
				ENABLE_STRICT_OBJC_MSGSEND = YES;
				ENABLE_USER_SCRIPT_SANDBOXING = YES;
				GCC_C_LANGUAGE_STANDARD = gnu17;
				GCC_NO_COMMON_BLOCKS = YES;
				GCC_WARN_64_TO_32_BIT_CONVERSION = YES;
				GCC_WARN_ABOUT_RETURN_TYPE = YES_ERROR;
				GCC_WARN_UNDECLARED_SELECTOR = YES;
				GCC_WARN_UNINITIALIZED_AUTOS = YES_AGGRESSIVE;
				GCC_WARN_UNUSED_FUNCTION = YES;
				GCC_WARN_UNUSED_VARIABLE = YES;
				IPHONEOS_DEPLOYMENT_TARGET = 18.0;
				LOCALIZATION_PREFERS_STRING_CATALOGS = YES;
				MTL_ENABLE_DEBUG_INFO = NO;
				MTL_FAST_MATH = YES;
				SDKROOT = iphoneos;
				SWIFT_COMPILATION_MODE = wholemodule;
				VALIDATE_PRODUCT = YES;
			};
			name = Release;
		};
		02C4EE262CC2AE610007E840 /* Debug */ = {
			isa = XCBuildConfiguration;
			buildSettings = {
				ASSETCATALOG_COMPILER_APPICON_NAME = AppIcon;
				ASSETCATALOG_COMPILER_GLOBAL_ACCENT_COLOR_NAME = AccentColor;
				CODE_SIGN_STYLE = Automatic;
				CURRENT_PROJECT_VERSION = 1;
				DEVELOPMENT_ASSET_PATHS = "\"cityquest/Preview Content\"";
				DEVELOPMENT_TEAM = 3AXZGTW2X8;
				ENABLE_PREVIEWS = YES;
				GENERATE_INFOPLIST_FILE = YES;
				INFOPLIST_KEY_UIApplicationSceneManifest_Generation = YES;
				INFOPLIST_KEY_UIApplicationSupportsIndirectInputEvents = YES;
				INFOPLIST_KEY_UILaunchScreen_Generation = YES;
				INFOPLIST_KEY_UISupportedInterfaceOrientations_iPad = "UIInterfaceOrientationPortrait UIInterfaceOrientationPortraitUpsideDown UIInterfaceOrientationLandscapeLeft UIInterfaceOrientationLandscapeRight";
				INFOPLIST_KEY_UISupportedInterfaceOrientations_iPhone = "UIInterfaceOrientationPortrait UIInterfaceOrientationLandscapeLeft UIInterfaceOrientationLandscapeRight";
				LD_RUNPATH_SEARCH_PATHS = (
					"$(inherited)",
					"@executable_path/Frameworks",
				);
				MARKETING_VERSION = 1.0;
				PRODUCT_BUNDLE_IDENTIFIER = com.afp.cityquest;
				PRODUCT_NAME = "$(TARGET_NAME)";
				SWIFT_EMIT_LOC_STRINGS = YES;
				SWIFT_VERSION = 5.0;
				TARGETED_DEVICE_FAMILY = "1,2";
			};
			name = Debug;
		};
		02C4EE272CC2AE610007E840 /* Release */ = {
			isa = XCBuildConfiguration;
			buildSettings = {
				ASSETCATALOG_COMPILER_APPICON_NAME = AppIcon;
				ASSETCATALOG_COMPILER_GLOBAL_ACCENT_COLOR_NAME = AccentColor;
				CODE_SIGN_STYLE = Automatic;
				CURRENT_PROJECT_VERSION = 1;
				DEVELOPMENT_ASSET_PATHS = "\"cityquest/Preview Content\"";
				DEVELOPMENT_TEAM = 3AXZGTW2X8;
				ENABLE_PREVIEWS = YES;
				GENERATE_INFOPLIST_FILE = YES;
				INFOPLIST_KEY_UIApplicationSceneManifest_Generation = YES;
				INFOPLIST_KEY_UIApplicationSupportsIndirectInputEvents = YES;
				INFOPLIST_KEY_UILaunchScreen_Generation = YES;
				INFOPLIST_KEY_UISupportedInterfaceOrientations_iPad = "UIInterfaceOrientationPortrait UIInterfaceOrientationPortraitUpsideDown UIInterfaceOrientationLandscapeLeft UIInterfaceOrientationLandscapeRight";
				INFOPLIST_KEY_UISupportedInterfaceOrientations_iPhone = "UIInterfaceOrientationPortrait UIInterfaceOrientationLandscapeLeft UIInterfaceOrientationLandscapeRight";
				LD_RUNPATH_SEARCH_PATHS = (
					"$(inherited)",
					"@executable_path/Frameworks",
				);
				MARKETING_VERSION = 1.0;
				PRODUCT_BUNDLE_IDENTIFIER = com.afp.cityquest;
				PRODUCT_NAME = "$(TARGET_NAME)";
				SWIFT_EMIT_LOC_STRINGS = YES;
				SWIFT_VERSION = 5.0;
				TARGETED_DEVICE_FAMILY = "1,2";
			};
			name = Release;
		};
		02C4EE292CC2AE610007E840 /* Debug */ = {
			isa = XCBuildConfiguration;
			buildSettings = {
				BUNDLE_LOADER = "$(TEST_HOST)";
				CODE_SIGN_STYLE = Automatic;
				CURRENT_PROJECT_VERSION = 1;
				DEVELOPMENT_TEAM = 3AXZGTW2X8;
				GENERATE_INFOPLIST_FILE = YES;
				IPHONEOS_DEPLOYMENT_TARGET = 18.0;
				MARKETING_VERSION = 1.0;
				PRODUCT_BUNDLE_IDENTIFIER = com.afp.cityquestTests;
				PRODUCT_NAME = "$(TARGET_NAME)";
				SWIFT_EMIT_LOC_STRINGS = NO;
				SWIFT_VERSION = 5.0;
				TARGETED_DEVICE_FAMILY = "1,2";
				TEST_HOST = "$(BUILT_PRODUCTS_DIR)/cityquest.app/$(BUNDLE_EXECUTABLE_FOLDER_PATH)/cityquest";
			};
			name = Debug;
		};
		02C4EE2A2CC2AE610007E840 /* Release */ = {
			isa = XCBuildConfiguration;
			buildSettings = {
				BUNDLE_LOADER = "$(TEST_HOST)";
				CODE_SIGN_STYLE = Automatic;
				CURRENT_PROJECT_VERSION = 1;
				DEVELOPMENT_TEAM = 3AXZGTW2X8;
				GENERATE_INFOPLIST_FILE = YES;
				IPHONEOS_DEPLOYMENT_TARGET = 18.0;
				MARKETING_VERSION = 1.0;
				PRODUCT_BUNDLE_IDENTIFIER = com.afp.cityquestTests;
				PRODUCT_NAME = "$(TARGET_NAME)";
				SWIFT_EMIT_LOC_STRINGS = NO;
				SWIFT_VERSION = 5.0;
				TARGETED_DEVICE_FAMILY = "1,2";
				TEST_HOST = "$(BUILT_PRODUCTS_DIR)/cityquest.app/$(BUNDLE_EXECUTABLE_FOLDER_PATH)/cityquest";
			};
			name = Release;
		};
		02C4EE2C2CC2AE610007E840 /* Debug */ = {
			isa = XCBuildConfiguration;
			buildSettings = {
				CODE_SIGN_STYLE = Automatic;
				CURRENT_PROJECT_VERSION = 1;
				DEVELOPMENT_TEAM = 3AXZGTW2X8;
				GENERATE_INFOPLIST_FILE = YES;
				MARKETING_VERSION = 1.0;
				PRODUCT_BUNDLE_IDENTIFIER = com.afp.cityquestUITests;
				PRODUCT_NAME = "$(TARGET_NAME)";
				SWIFT_EMIT_LOC_STRINGS = NO;
				SWIFT_VERSION = 5.0;
				TARGETED_DEVICE_FAMILY = "1,2";
				TEST_TARGET_NAME = cityquest;
			};
			name = Debug;
		};
		02C4EE2D2CC2AE610007E840 /* Release */ = {
			isa = XCBuildConfiguration;
			buildSettings = {
				CODE_SIGN_STYLE = Automatic;
				CURRENT_PROJECT_VERSION = 1;
				DEVELOPMENT_TEAM = 3AXZGTW2X8;
				GENERATE_INFOPLIST_FILE = YES;
				MARKETING_VERSION = 1.0;
				PRODUCT_BUNDLE_IDENTIFIER = com.afp.cityquestUITests;
				PRODUCT_NAME = "$(TARGET_NAME)";
				SWIFT_EMIT_LOC_STRINGS = NO;
				SWIFT_VERSION = 5.0;
				TARGETED_DEVICE_FAMILY = "1,2";
				TEST_TARGET_NAME = cityquest;
			};
			name = Release;
		};
/* End XCBuildConfiguration section */

/* Begin XCConfigurationList section */
		02C4EDFC2CC2AE5F0007E840 /* Build configuration list for PBXProject "cityquest" */ = {
			isa = XCConfigurationList;
			buildConfigurations = (
				02C4EE232CC2AE610007E840 /* Debug */,
				02C4EE242CC2AE610007E840 /* Release */,
			);
			defaultConfigurationIsVisible = 0;
			defaultConfigurationName = Release;
		};
		02C4EE252CC2AE610007E840 /* Build configuration list for PBXNativeTarget "cityquest" */ = {
			isa = XCConfigurationList;
			buildConfigurations = (
				02C4EE262CC2AE610007E840 /* Debug */,
				02C4EE272CC2AE610007E840 /* Release */,
			);
			defaultConfigurationIsVisible = 0;
			defaultConfigurationName = Release;
		};
		02C4EE282CC2AE610007E840 /* Build configuration list for PBXNativeTarget "cityquestTests" */ = {
			isa = XCConfigurationList;
			buildConfigurations = (
				02C4EE292CC2AE610007E840 /* Debug */,
				02C4EE2A2CC2AE610007E840 /* Release */,
			);
			defaultConfigurationIsVisible = 0;
			defaultConfigurationName = Release;
		};
		02C4EE2B2CC2AE610007E840 /* Build configuration list for PBXNativeTarget "cityquestUITests" */ = {
			isa = XCConfigurationList;
			buildConfigurations = (
				02C4EE2C2CC2AE610007E840 /* Debug */,
				02C4EE2D2CC2AE610007E840 /* Release */,
			);
			defaultConfigurationIsVisible = 0;
			defaultConfigurationName = Release;
		};
/* End XCConfigurationList section */
	};
	rootObject = 02C4EDF92CC2AE5F0007E840 /* Project object */;
}
